<?xml version="1.0" encoding="utf-8"?>
<Project ToolsVersion="4.0" xmlns="http://schemas.microsoft.com/developer/msbuild/2003">
  <ItemGroup>
    <Filter Include="Source Files">
      <UniqueIdentifier>{4FC737F1-C7A5-4376-A066-2A32D752A2FF}</UniqueIdentifier>
      <Extensions>cpp;c;cc;cxx;def;odl;idl;hpj;bat;asm;asmx</Extensions>
    </Filter>
    <Filter Include="Header Files">
      <UniqueIdentifier>{93995380-89BD-4b04-88EB-625FBE52EBFB}</UniqueIdentifier>
      <Extensions>h;hpp;hxx;hm;inl;inc;xsd</Extensions>
    </Filter>
    <Filter Include="Resource Files">
      <UniqueIdentifier>{67DA6AB6-F800-4c08-8B7A-83BB121AAD01}</UniqueIdentifier>
      <Extensions>rc;ico;cur;bmp;dlg;rc2;rct;bin;rgs;gif;jpg;jpeg;jpe;resx;tiff;tif;png;wav;mfcribbon-ms</Extensions>
    </Filter>
  </ItemGroup>
  <ItemGroup>
    <None Include="opengl32.def">
      <Filter>Source Files</Filter>
    </None>
  </ItemGroup>
  <ItemGroup>
    <ResourceCompile Include="QindieGL.rc">
      <Filter>Resource Files</Filter>
    </ResourceCompile>
  </ItemGroup>
  <ItemGroup>
    <ClCompile Include="..\code\d3d_array.cpp">
      <Filter>Source Files</Filter>
    </ClCompile>
    <ClCompile Include="..\code\d3d_blend.cpp">
      <Filter>Source Files</Filter>
    </ClCompile>
    <ClCompile Include="..\code\d3d_clip.cpp">
      <Filter>Source Files</Filter>
    </ClCompile>
    <ClCompile Include="..\code\d3d_combiners.cpp">
      <Filter>Source Files</Filter>
    </ClCompile>
    <ClCompile Include="..\code\d3d_cpu_detect.cpp">
      <Filter>Source Files</Filter>
    </ClCompile>
    <ClCompile Include="..\code\d3d_eval.cpp">
      <Filter>Source Files</Filter>
    </ClCompile>
    <ClCompile Include="..\code\d3d_extension.cpp">
      <Filter>Source Files</Filter>
    </ClCompile>
    <ClCompile Include="..\code\d3d_feedback.cpp">
      <Filter>Source Files</Filter>
    </ClCompile>
    <ClCompile Include="..\code\d3d_get.cpp">
      <Filter>Source Files</Filter>
    </ClCompile>
    <ClCompile Include="..\code\d3d_global.cpp">
      <Filter>Source Files</Filter>
    </ClCompile>
    <ClCompile Include="..\code\d3d_immediate.cpp">
      <Filter>Source Files</Filter>
    </ClCompile>
    <ClCompile Include="..\code\d3d_light.cpp">
      <Filter>Source Files</Filter>
    </ClCompile>
    <ClCompile Include="..\code\d3d_lists.cpp">
      <Filter>Source Files</Filter>
    </ClCompile>
    <ClCompile Include="..\code\d3d_material.cpp">
      <Filter>Source Files</Filter>
    </ClCompile>
    <ClCompile Include="..\code\d3d_matrix.cpp">
      <Filter>Source Files</Filter>
    </ClCompile>
    <ClCompile Include="..\code\d3d_matrix_stack.cpp">
      <Filter>Source Files</Filter>
    </ClCompile>
    <ClCompile Include="..\code\d3d_misc.cpp">
      <Filter>Source Files</Filter>
    </ClCompile>
    <ClCompile Include="..\code\d3d_object.cpp">
      <Filter>Source Files</Filter>
    </ClCompile>
    <ClCompile Include="..\code\d3d_pixels.cpp">
      <Filter>Source Files</Filter>
    </ClCompile>
    <ClCompile Include="..\code\d3d_state.cpp">
      <Filter>Source Files</Filter>
    </ClCompile>
    <ClCompile Include="..\code\d3d_stencil.cpp">
      <Filter>Source Files</Filter>
    </ClCompile>
    <ClCompile Include="..\code\d3d_texgen.cpp">
      <Filter>Source Files</Filter>
    </ClCompile>
    <ClCompile Include="..\code\d3d_texture.cpp">
      <Filter>Source Files</Filter>
    </ClCompile>
    <ClCompile Include="..\code\d3d_wrapper.cpp">
      <Filter>Source Files</Filter>
    </ClCompile>
  </ItemGroup>
  <ItemGroup>
    <ClInclude Include="..\code\d3d_array.hpp">
      <Filter>Header Files</Filter>
    </ClInclude>
    <ClInclude Include="..\code\d3d_combiners.hpp">
      <Filter>Header Files</Filter>
    </ClInclude>
    <ClInclude Include="..\code\d3d_extension.hpp">
      <Filter>Header Files</Filter>
    </ClInclude>
    <ClInclude Include="..\code\d3d_global.hpp">
      <Filter>Header Files</Filter>
    </ClInclude>
    <ClInclude Include="..\code\d3d_immediate.hpp">
      <Filter>Header Files</Filter>
    </ClInclude>
    <ClInclude Include="..\code\d3d_matrix_stack.hpp">
      <Filter>Header Files</Filter>
    </ClInclude>
    <ClInclude Include="..\code\d3d_object.hpp">
      <Filter>Header Files</Filter>
    </ClInclude>
    <ClInclude Include="..\code\d3d_pixels.hpp">
      <Filter>Header Files</Filter>
    </ClInclude>
    <ClInclude Include="..\code\d3d_state.hpp">
      <Filter>Header Files</Filter>
    </ClInclude>
    <ClInclude Include="..\code\d3d_texture.hpp">
      <Filter>Header Files</Filter>
    </ClInclude>
    <ClInclude Include="..\code\d3d_utils.hpp">
      <Filter>Header Files</Filter>
    </ClInclude>
    <ClInclude Include="..\code\d3d_wrapper.hpp">
      <Filter>Header Files</Filter>
    </ClInclude>
  </ItemGroup>
</Project>