
Microsoft Visual Studio Solution File, Format Version 11.00
# Visual Studio 2010
Project("{8BC9CEB8-8B4A-11D0-8D11-00A0C91BC942}") = "QindieGL-src", "QindieGL-src.vcxproj", "{F04B2E0B-9B8B-4E47-B339-1066B36E79AA}"
EndProject
Global
	GlobalSection(SolutionConfigurationPlatforms) = preSolution
		Debug|Win32 = Debug|Win32
		Release|Win32 = Release|Win32
	EndGlobalSection
	GlobalSection(ProjectConfigurationPlatforms) = postSolution
		{F04B2E0B-9B8B-4E47-B339-1066B36E79AA}.Debug|Win32.ActiveCfg = Debug|Win32
		{F04B2E0B-9B8B-4E47-B339-1066B36E79AA}.Debug|Win32.Build.0 = Debug|Win32
		{F04B2E0B-9B8B-4E47-B339-1066B36E79AA}.Release|Win32.ActiveCfg = Release|Win32
		{F04B2E0B-9B8B-4E47-B339-1066B36E79AA}.Release|Win32.Build.0 = Release|Win32
	EndGlobalSection
	GlobalSection(SolutionProperties) = preSolution
		HideSolutionNode = FALSE
	EndGlobalSection
EndGlobal
